// !$*UTF8*$!
{
	archiveVersion = 1;
	classes = {
	};
	objectVersion = 50;
	objects = {

/* Begin PBXBuildFile section */
		96F06A9423018E3F00C62F09 /* AppDelegate.swift in Sources */ = {isa = PBXBuildFile; fileRef = 96F06A9323018E3F00C62F09 /* AppDelegate.swift */; };
		96F06A9623018E3F00C62F09 /* ViewController.swift in Sources */ = {isa = PBXBuildFile; fileRef = 96F06A9523018E3F00C62F09 /* ViewController.swift */; };
		96F06A9923018E3F00C62F09 /* Main.storyboard in Resources */ = {isa = PBXBuildFile; fileRef = 96F06A9723018E3F00C62F09 /* Main.storyboard */; };
		96F06A9B23018E4000C62F09 /* Assets.xcassets in Resources */ = {isa = PBXBuildFile; fileRef = 96F06A9A23018E4000C62F09 /* Assets.xcassets */; };
		96F06A9E23018E4000C62F09 /* LaunchScreen.storyboard in Resources */ = {isa = PBXBuildFile; fileRef = 96F06A9C23018E4000C62F09 /* LaunchScreen.storyboard */; };
		96F06AA923018E4000C62F09 /* AnimeGoodsStockManegementTests.swift in Sources */ = {isa = PBXBuildFile; fileRef = 96F06AA823018E4000C62F09 /* AnimeGoodsStockManegementTests.swift */; };
		96F06AB423018E4000C62F09 /* AnimeGoodsStockManegementUITests.swift in Sources */ = {isa = PBXBuildFile; fileRef = 96F06AB323018E4000C62F09 /* AnimeGoodsStockManegementUITests.swift */; };
		96F06AC22301963700C62F09 /* AddController.swift in Sources */ = {isa = PBXBuildFile; fileRef = 96F06AC12301963700C62F09 /* AddController.swift */; };
/* End PBXBuildFile section */

/* Begin PBXContainerItemProxy section */
		96F06AA523018E4000C62F09 /* PBXContainerItemProxy */ = {
			isa = PBXContainerItemProxy;
			containerPortal = 96F06A8823018E3F00C62F09 /* Project object */;
			proxyType = 1;
			remoteGlobalIDString = 96F06A8F23018E3F00C62F09;
			remoteInfo = AnimeGoodsStockManegement;
		};
		96F06AB023018E4000C62F09 /* PBXContainerItemProxy */ = {
			isa = PBXContainerItemProxy;
			containerPortal = 96F06A8823018E3F00C62F09 /* Project object */;
			proxyType = 1;
			remoteGlobalIDString = 96F06A8F23018E3F00C62F09;
			remoteInfo = AnimeGoodsStockManegement;
		};
/* End PBXContainerItemProxy section */

/* Begin PBXFileReference section */
		96F06A9023018E3F00C62F09 /* AnimeGoodsStockManegement.app */ = {isa = PBXFileReference; explicitFileType = wrapper.application; includeInIndex = 0; path = AnimeGoodsStockManegement.app; sourceTree = BUILT_PRODUCTS_DIR; };
		96F06A9323018E3F00C62F09 /* AppDelegate.swift */ = {isa = PBXFileReference; lastKnownFileType = sourcecode.swift; path = AppDelegate.swift; sourceTree = "<group>"; };
		96F06A9523018E3F00C62F09 /* ViewController.swift */ = {isa = PBXFileReference; lastKnownFileType = sourcecode.swift; path = ViewController.swift; sourceTree = "<group>"; };
		96F06A9823018E3F00C62F09 /* Base */ = {isa = PBXFileReference; lastKnownFileType = file.storyboard; name = Base; path = Base.lproj/Main.storyboard; sourceTree = "<group>"; };
		96F06A9A23018E4000C62F09 /* Assets.xcassets */ = {isa = PBXFileReference; lastKnownFileType = folder.assetcatalog; path = Assets.xcassets; sourceTree = "<group>"; };
		96F06A9D23018E4000C62F09 /* Base */ = {isa = PBXFileReference; lastKnownFileType = file.storyboard; name = Base; path = Base.lproj/LaunchScreen.storyboard; sourceTree = "<group>"; };
		96F06A9F23018E4000C62F09 /* Info.plist */ = {isa = PBXFileReference; lastKnownFileType = text.plist.xml; path = Info.plist; sourceTree = "<group>"; };
		96F06AA423018E4000C62F09 /* AnimeGoodsStockManegementTests.xctest */ = {isa = PBXFileReference; explicitFileType = wrapper.cfbundle; includeInIndex = 0; path = AnimeGoodsStockManegementTests.xctest; sourceTree = BUILT_PRODUCTS_DIR; };
		96F06AA823018E4000C62F09 /* AnimeGoodsStockManegementTests.swift */ = {isa = PBXFileReference; lastKnownFileType = sourcecode.swift; path = AnimeGoodsStockManegementTests.swift; sourceTree = "<group>"; };
		96F06AAA23018E4000C62F09 /* Info.plist */ = {isa = PBXFileReference; lastKnownFileType = text.plist.xml; path = Info.plist; sourceTree = "<group>"; };
		96F06AAF23018E4000C62F09 /* AnimeGoodsStockManegementUITests.xctest */ = {isa = PBXFileReference; explicitFileType = wrapper.cfbundle; includeInIndex = 0; path = AnimeGoodsStockManegementUITests.xctest; sourceTree = BUILT_PRODUCTS_DIR; };
		96F06AB323018E4000C62F09 /* AnimeGoodsStockManegementUITests.swift */ = {isa = PBXFileReference; lastKnownFileType = sourcecode.swift; path = AnimeGoodsStockManegementUITests.swift; sourceTree = "<group>"; };
		96F06AB523018E4000C62F09 /* Info.plist */ = {isa = PBXFileReference; lastKnownFileType = text.plist.xml; path = Info.plist; sourceTree = "<group>"; };
		96F06AC12301963700C62F09 /* AddController.swift */ = {isa = PBXFileReference; lastKnownFileType = sourcecode.swift; path = AddController.swift; sourceTree = "<group>"; };
/* End PBXFileReference section */

/* Begin PBXFrameworksBuildPhase section */
		96F06A8D23018E3F00C62F09 /* Frameworks */ = {
			isa = PBXFrameworksBuildPhase;
			buildActionMask = 2147483647;
			files = (
			);
			runOnlyForDeploymentPostprocessing = 0;
		};
		96F06AA123018E4000C62F09 /* Frameworks */ = {
			isa = PBXFrameworksBuildPhase;
			buildActionMask = 2147483647;
			files = (
			);
			runOnlyForDeploymentPostprocessing = 0;
		};
		96F06AAC23018E4000C62F09 /* Frameworks */ = {
			isa = PBXFrameworksBuildPhase;
			buildActionMask = 2147483647;
			files = (
			);
			runOnlyForDeploymentPostprocessing = 0;
		};
/* End PBXFrameworksBuildPhase section */

/* Begin PBXGroup section */
		96F06A8723018E3F00C62F09 = {
			isa = PBXGroup;
			children = (
				96F06A9223018E3F00C62F09 /* AnimeGoodsStockManegement */,
				96F06AA723018E4000C62F09 /* AnimeGoodsStockManegementTests */,
				96F06AB223018E4000C62F09 /* AnimeGoodsStockManegementUITests */,
				96F06A9123018E3F00C62F09 /* Products */,
			);
			sourceTree = "<group>";
		};
		96F06A9123018E3F00C62F09 /* Products */ = {
			isa = PBXGroup;
			children = (
				96F06A9023018E3F00C62F09 /* AnimeGoodsStockManegement.app */,
				96F06AA423018E4000C62F09 /* AnimeGoodsStockManegementTests.xctest */,
				96F06AAF23018E4000C62F09 /* AnimeGoodsStockManegementUITests.xctest */,
			);
			name = Products;
			sourceTree = "<group>";
		};
		96F06A9223018E3F00C62F09 /* AnimeGoodsStockManegement */ = {
			isa = PBXGroup;
			children = (
				96F06A9323018E3F00C62F09 /* AppDelegate.swift */,
				96F06A9523018E3F00C62F09 /* ViewController.swift */,
				96F06A9723018E3F00C62F09 /* Main.storyboard */,
				96F06AC12301963700C62F09 /* AddController.swift */,
				96F06A9A23018E4000C62F09 /* Assets.xcassets */,
				96F06A9C23018E4000C62F09 /* LaunchScreen.storyboard */,
				96F06A9F23018E4000C62F09 /* Info.plist */,
			);
			path = AnimeGoodsStockManegement;
			sourceTree = "<group>";
		};
		96F06AA723018E4000C62F09 /* AnimeGoodsStockManegementTests */ = {
			isa = PBXGroup;
			children = (
				96F06AA823018E4000C62F09 /* AnimeGoodsStockManegementTests.swift */,
				96F06AAA23018E4000C62F09 /* Info.plist */,
			);
			path = AnimeGoodsStockManegementTests;
			sourceTree = "<group>";
		};
		96F06AB223018E4000C62F09 /* AnimeGoodsStockManegementUITests */ = {
			isa = PBXGroup;
			children = (
				96F06AB323018E4000C62F09 /* AnimeGoodsStockManegementUITests.swift */,
				96F06AB523018E4000C62F09 /* Info.plist */,
			);
			path = AnimeGoodsStockManegementUITests;
			sourceTree = "<group>";
		};
/* End PBXGroup section */

/* Begin PBXNativeTarget section */
		96F06A8F23018E3F00C62F09 /* AnimeGoodsStockManegement */ = {
			isa = PBXNativeTarget;
			buildConfigurationList = 96F06AB823018E4000C62F09 /* Build configuration list for PBXNativeTarget "AnimeGoodsStockManegement" */;
			buildPhases = (
				96F06A8C23018E3F00C62F09 /* Sources */,
				96F06A8D23018E3F00C62F09 /* Frameworks */,
				96F06A8E23018E3F00C62F09 /* Resources */,
			);
			buildRules = (
			);
			dependencies = (
			);
			name = AnimeGoodsStockManegement;
			productName = AnimeGoodsStockManegement;
			productReference = 96F06A9023018E3F00C62F09 /* AnimeGoodsStockManegement.app */;
			productType = "com.apple.product-type.application";
		};
		96F06AA323018E4000C62F09 /* AnimeGoodsStockManegementTests */ = {
			isa = PBXNativeTarget;
			buildConfigurationList = 96F06ABB23018E4000C62F09 /* Build configuration list for PBXNativeTarget "AnimeGoodsStockManegementTests" */;
			buildPhases = (
				96F06AA023018E4000C62F09 /* Sources */,
				96F06AA123018E4000C62F09 /* Frameworks */,
				96F06AA223018E4000C62F09 /* Resources */,
			);
			buildRules = (
			);
			dependencies = (
				96F06AA623018E4000C62F09 /* PBXTargetDependency */,
			);
			name = AnimeGoodsStockManegementTests;
			productName = AnimeGoodsStockManegementTests;
			productReference = 96F06AA423018E4000C62F09 /* AnimeGoodsStockManegementTests.xctest */;
			productType = "com.apple.product-type.bundle.unit-test";
		};
		96F06AAE23018E4000C62F09 /* AnimeGoodsStockManegementUITests */ = {
			isa = PBXNativeTarget;
			buildConfigurationList = 96F06ABE23018E4000C62F09 /* Build configuration list for PBXNativeTarget "AnimeGoodsStockManegementUITests" */;
			buildPhases = (
				96F06AAB23018E4000C62F09 /* Sources */,
				96F06AAC23018E4000C62F09 /* Frameworks */,
				96F06AAD23018E4000C62F09 /* Resources */,
			);
			buildRules = (
			);
			dependencies = (
				96F06AB123018E4000C62F09 /* PBXTargetDependency */,
			);
			name = AnimeGoodsStockManegementUITests;
			productName = AnimeGoodsStockManegementUITests;
			productReference = 96F06AAF23018E4000C62F09 /* AnimeGoodsStockManegementUITests.xctest */;
			productType = "com.apple.product-type.bundle.ui-testing";
		};
/* End PBXNativeTarget section */

/* Begin PBXProject section */
		96F06A8823018E3F00C62F09 /* Project object */ = {
			isa = PBXProject;
			attributes = {
				LastSwiftUpdateCheck = 1010;
				LastUpgradeCheck = 1010;
				ORGANIZATIONNAME = kentaro;
				TargetAttributes = {
					96F06A8F23018E3F00C62F09 = {
						CreatedOnToolsVersion = 10.1;
					};
					96F06AA323018E4000C62F09 = {
						CreatedOnToolsVersion = 10.1;
						TestTargetID = 96F06A8F23018E3F00C62F09;
					};
					96F06AAE23018E4000C62F09 = {
						CreatedOnToolsVersion = 10.1;
						TestTargetID = 96F06A8F23018E3F00C62F09;
					};
				};
			};
			buildConfigurationList = 96F06A8B23018E3F00C62F09 /* Build configuration list for PBXProject "AnimeGoodsStockManegement" */;
			compatibilityVersion = "Xcode 9.3";
			developmentRegion = en;
			hasScannedForEncodings = 0;
			knownRegions = (
				en,
				Base,
			);
			mainGroup = 96F06A8723018E3F00C62F09;
			productRefGroup = 96F06A9123018E3F00C62F09 /* Products */;
			projectDirPath = "";
			projectRoot = "";
			targets = (
				96F06A8F23018E3F00C62F09 /* AnimeGoodsStockManegement */,
				96F06AA323018E4000C62F09 /* AnimeGoodsStockManegementTests */,
				96F06AAE23018E4000C62F09 /* AnimeGoodsStockManegementUITests */,
			);
		};
/* End PBXProject section */

/* Begin PBXResourcesBuildPhase section */
		96F06A8E23018E3F00C62F09 /* Resources */ = {
			isa = PBXResourcesBuildPhase;
			buildActionMask = 2147483647;
			files = (
				96F06A9E23018E4000C62F09 /* LaunchScreen.storyboard in Resources */,
				96F06A9B23018E4000C62F09 /* Assets.xcassets in Resources */,
				96F06A9923018E3F00C62F09 /* Main.storyboard in Resources */,
			);
			runOnlyForDeploymentPostprocessing = 0;
		};
		96F06AA223018E4000C62F09 /* Resources */ = {
			isa = PBXResourcesBuildPhase;
			buildActionMask = 2147483647;
			files = (
			);
			runOnlyForDeploymentPostprocessing = 0;
		};
		96F06AAD23018E4000C62F09 /* Resources */ = {
			isa = PBXResourcesBuildPhase;
			buildActionMask = 2147483647;
			files = (
			);
			runOnlyForDeploymentPostprocessing = 0;
		};
/* End PBXResourcesBuildPhase section */

/* Begin PBXSourcesBuildPhase section */
		96F06A8C23018E3F00C62F09 /* Sources */ = {
			isa = PBXSourcesBuildPhase;
			buildActionMask = 2147483647;
			files = (
				96F06AC22301963700C62F09 /* AddController.swift in Sources */,
				96F06A9623018E3F00C62F09 /* ViewController.swift in Sources */,
				96F06A9423018E3F00C62F09 /* AppDelegate.swift in Sources */,
			);
			runOnlyForDeploymentPostprocessing = 0;
		};
		96F06AA023018E4000C62F09 /* Sources */ = {
			isa = PBXSourcesBuildPhase;
			buildActionMask = 2147483647;
			files = (
				96F06AA923018E4000C62F09 /* AnimeGoodsStockManegementTests.swift in Sources */,
			);
			runOnlyForDeploymentPostprocessing = 0;
		};
		96F06AAB23018E4000C62F09 /* Sources */ = {
			isa = PBXSourcesBuildPhase;
			buildActionMask = 2147483647;
			files = (
				96F06AB423018E4000C62F09 /* AnimeGoodsStockManegementUITests.swift in Sources */,
			);
			runOnlyForDeploymentPostprocessing = 0;
		};
/* End PBXSourcesBuildPhase section */

/* Begin PBXTargetDependency section */
		96F06AA623018E4000C62F09 /* PBXTargetDependency */ = {
			isa = PBXTargetDependency;
			target = 96F06A8F23018E3F00C62F09 /* AnimeGoodsStockManegement */;
			targetProxy = 96F06AA523018E4000C62F09 /* PBXContainerItemProxy */;
		};
		96F06AB123018E4000C62F09 /* PBXTargetDependency */ = {
			isa = PBXTargetDependency;
			target = 96F06A8F23018E3F00C62F09 /* AnimeGoodsStockManegement */;
			targetProxy = 96F06AB023018E4000C62F09 /* PBXContainerItemProxy */;
		};
/* End PBXTargetDependency section */

/* Begin PBXVariantGroup section */
		96F06A9723018E3F00C62F09 /* Main.storyboard */ = {
			isa = PBXVariantGroup;
			children = (
				96F06A9823018E3F00C62F09 /* Base */,
			);
			name = Main.storyboard;
			sourceTree = "<group>";
		};
		96F06A9C23018E4000C62F09 /* LaunchScreen.storyboard */ = {
			isa = PBXVariantGroup;
			children = (
				96F06A9D23018E4000C62F09 /* Base */,
			);
			name = LaunchScreen.storyboard;
			sourceTree = "<group>";
		};
/* End PBXVariantGroup section */

/* Begin XCBuildConfiguration section */
		96F06AB623018E4000C62F09 /* Debug */ = {
			isa = XCBuildConfiguration;
			buildSettings = {
				ALWAYS_SEARCH_USER_PATHS = NO;
				CLANG_ANALYZER_NONNULL = YES;
				CLANG_ANALYZER_NUMBER_OBJECT_CONVERSION = YES_AGGRESSIVE;
				CLANG_CXX_LANGUAGE_STANDARD = "gnu++14";
				CLANG_CXX_LIBRARY = "libc++";
				CLANG_ENABLE_MODULES = YES;
				CLANG_ENABLE_OBJC_ARC = YES;
				CLANG_ENABLE_OBJC_WEAK = YES;
				CLANG_WARN_BLOCK_CAPTURE_AUTORELEASING = YES;
				CLANG_WARN_BOOL_CONVERSION = YES;
				CLANG_WARN_COMMA = YES;
				CLANG_WARN_CONSTANT_CONVERSION = YES;
				CLANG_WARN_DEPRECATED_OBJC_IMPLEMENTATIONS = YES;
				CLANG_WARN_DIRECT_OBJC_ISA_USAGE = YES_ERROR;
				CLANG_WARN_DOCUMENTATION_COMMENTS = YES;
				CLANG_WARN_EMPTY_BODY = YES;
				CLANG_WARN_ENUM_CONVERSION = YES;
				CLANG_WARN_INFINITE_RECURSION = YES;
				CLANG_WARN_INT_CONVERSION = YES;
				CLANG_WARN_NON_LITERAL_NULL_CONVERSION = YES;
				CLANG_WARN_OBJC_IMPLICIT_RETAIN_SELF = YES;
				CLANG_WARN_OBJC_LITERAL_CONVERSION = YES;
				CLANG_WARN_OBJC_ROOT_CLASS = YES_ERROR;
				CLANG_WARN_RANGE_LOOP_ANALYSIS = YES;
				CLANG_WARN_STRICT_PROTOTYPES = YES;
				CLANG_WARN_SUSPICIOUS_MOVE = YES;
				CLANG_WARN_UNGUARDED_AVAILABILITY = YES_AGGRESSIVE;
				CLANG_WARN_UNREACHABLE_CODE = YES;
				CLANG_WARN__DUPLICATE_METHOD_MATCH = YES;
				CODE_SIGN_IDENTITY = "iPhone Developer";
				COPY_PHASE_STRIP = NO;
				DEBUG_INFORMATION_FORMAT = dwarf;
				ENABLE_STRICT_OBJC_MSGSEND = YES;
				ENABLE_TESTABILITY = YES;
				GCC_C_LANGUAGE_STANDARD = gnu11;
				GCC_DYNAMIC_NO_PIC = NO;
				GCC_NO_COMMON_BLOCKS = YES;
				GCC_OPTIMIZATION_LEVEL = 0;
				GCC_PREPROCESSOR_DEFINITIONS = (
					"DEBUG=1",
					"$(inherited)",
				);
				GCC_WARN_64_TO_32_BIT_CONVERSION = YES;
				GCC_WARN_ABOUT_RETURN_TYPE = YES_ERROR;
				GCC_WARN_UNDECLARED_SELECTOR = YES;
				GCC_WARN_UNINITIALIZED_AUTOS = YES_AGGRESSIVE;
				GCC_WARN_UNUSED_FUNCTION = YES;
				GCC_WARN_UNUSED_VARIABLE = YES;
				IPHONEOS_DEPLOYMENT_TARGET = 12.1;
				MTL_ENABLE_DEBUG_INFO = INCLUDE_SOURCE;
				MTL_FAST_MATH = YES;
				ONLY_ACTIVE_ARCH = YES;
				SDKROOT = iphoneos;
				SWIFT_ACTIVE_COMPILATION_CONDITIONS = DEBUG;
				SWIFT_OPTIMIZATION_LEVEL = "-Onone";
			};
			name = Debug;
		};
		96F06AB723018E4000C62F09 /* Release */ = {
			isa = XCBuildConfiguration;
			buildSettings = {
				ALWAYS_SEARCH_USER_PATHS = NO;
				CLANG_ANALYZER_NONNULL = YES;
				CLANG_ANALYZER_NUMBER_OBJECT_CONVERSION = YES_AGGRESSIVE;
				CLANG_CXX_LANGUAGE_STANDARD = "gnu++14";
				CLANG_CXX_LIBRARY = "libc++";
				CLANG_ENABLE_MODULES = YES;
				CLANG_ENABLE_OBJC_ARC = YES;
				CLANG_ENABLE_OBJC_WEAK = YES;
				CLANG_WARN_BLOCK_CAPTURE_AUTORELEASING = YES;
				CLANG_WARN_BOOL_CONVERSION = YES;
				CLANG_WARN_COMMA = YES;
				CLANG_WARN_CONSTANT_CONVERSION = YES;
				CLANG_WARN_DEPRECATED_OBJC_IMPLEMENTATIONS = YES;
				CLANG_WARN_DIRECT_OBJC_ISA_USAGE = YES_ERROR;
				CLANG_WARN_DOCUMENTATION_COMMENTS = YES;
				CLANG_WARN_EMPTY_BODY = YES;
				CLANG_WARN_ENUM_CONVERSION = YES;
				CLANG_WARN_INFINITE_RECURSION = YES;
				CLANG_WARN_INT_CONVERSION = YES;
				CLANG_WARN_NON_LITERAL_NULL_CONVERSION = YES;
				CLANG_WARN_OBJC_IMPLICIT_RETAIN_SELF = YES;
				CLANG_WARN_OBJC_LITERAL_CONVERSION = YES;
				CLANG_WARN_OBJC_ROOT_CLASS = YES_ERROR;
				CLANG_WARN_RANGE_LOOP_ANALYSIS = YES;
				CLANG_WARN_STRICT_PROTOTYPES = YES;
				CLANG_WARN_SUSPICIOUS_MOVE = YES;
				CLANG_WARN_UNGUARDED_AVAILABILITY = YES_AGGRESSIVE;
				CLANG_WARN_UNREACHABLE_CODE = YES;
				CLANG_WARN__DUPLICATE_METHOD_MATCH = YES;
				CODE_SIGN_IDENTITY = "iPhone Developer";
				COPY_PHASE_STRIP = NO;
				DEBUG_INFORMATION_FORMAT = "dwarf-with-dsym";
				ENABLE_NS_ASSERTIONS = NO;
				ENABLE_STRICT_OBJC_MSGSEND = YES;
				GCC_C_LANGUAGE_STANDARD = gnu11;
				GCC_NO_COMMON_BLOCKS = YES;
				GCC_WARN_64_TO_32_BIT_CONVERSION = YES;
				GCC_WARN_ABOUT_RETURN_TYPE = YES_ERROR;
				GCC_WARN_UNDECLARED_SELECTOR = YES;
				GCC_WARN_UNINITIALIZED_AUTOS = YES_AGGRESSIVE;
				GCC_WARN_UNUSED_FUNCTION = YES;
				GCC_WARN_UNUSED_VARIABLE = YES;
				IPHONEOS_DEPLOYMENT_TARGET = 12.1;
				MTL_ENABLE_DEBUG_INFO = NO;
				MTL_FAST_MATH = YES;
				SDKROOT = iphoneos;
				SWIFT_COMPILATION_MODE = wholemodule;
				SWIFT_OPTIMIZATION_LEVEL = "-O";
				VALIDATE_PRODUCT = YES;
			};
			name = Release;
		};
		96F06AB923018E4000C62F09 /* Debug */ = {
			isa = XCBuildConfiguration;
			buildSettings = {
				ASSETCATALOG_COMPILER_APPICON_NAME = AppIcon;
				CODE_SIGN_STYLE = Automatic;
				DEVELOPMENT_TEAM = S23L395VMA;
				INFOPLIST_FILE = AnimeGoodsStockManegement/Info.plist;
				LD_RUNPATH_SEARCH_PATHS = (
					"$(inherited)",
					"@executable_path/Frameworks",
				);
				PRODUCT_BUNDLE_IDENTIFIER = com.eventInventoryCOntrol.AnimeGoodsStockManegement;
				PRODUCT_NAME = "$(TARGET_NAME)";
				SWIFT_VERSION = 4.2;
				TARGETED_DEVICE_FAMILY = "1,2";
			};
			name = Debug;
		};
		96F06ABA23018E4000C62F09 /* Release */ = {
			isa = XCBuildConfiguration;
			buildSettings = {
				ASSETCATALOG_COMPILER_APPICON_NAME = AppIcon;
				CODE_SIGN_STYLE = Automatic;
				DEVELOPMENT_TEAM = S23L395VMA;
				INFOPLIST_FILE = AnimeGoodsStockManegement/Info.plist;
				LD_RUNPATH_SEARCH_PATHS = (
					"$(inherited)",
					"@executable_path/Frameworks",
				);
				PRODUCT_BUNDLE_IDENTIFIER = com.eventInventoryCOntrol.AnimeGoodsStockManegement;
				PRODUCT_NAME = "$(TARGET_NAME)";
				SWIFT_VERSION = 4.2;
				TARGETED_DEVICE_FAMILY = "1,2";
			};
			name = Release;
		};
		96F06ABC23018E4000C62F09 /* Debug */ = {
			isa = XCBuildConfiguration;
			buildSettings = {
				ALWAYS_EMBED_SWIFT_STANDARD_LIBRARIES = YES;
				BUNDLE_LOADER = "$(TEST_HOST)";
				CODE_SIGN_STYLE = Automatic;
				DEVELOPMENT_TEAM = S23L395VMA;
				INFOPLIST_FILE = AnimeGoodsStockManegementTests/Info.plist;
				LD_RUNPATH_SEARCH_PATHS = (
					"$(inherited)",
					"@executable_path/Frameworks",
					"@loader_path/Frameworks",
				);
				PRODUCT_BUNDLE_IDENTIFIER = com.eventInventoryCOntrol.AnimeGoodsStockManegementTests;
				PRODUCT_NAME = "$(TARGET_NAME)";
				SWIFT_VERSION = 4.2;
				TARGETED_DEVICE_FAMILY = "1,2";
				TEST_HOST = "$(BUILT_PRODUCTS_DIR)/AnimeGoodsStockManegement.app/AnimeGoodsStockManegement";
			};
			name = Debug;
		};
		96F06ABD23018E4000C62F09 /* Release */ = {
			isa = XCBuildConfiguration;
			buildSettings = {
				ALWAYS_EMBED_SWIFT_STANDARD_LIBRARIES = YES;
				BUNDLE_LOADER = "$(TEST_HOST)";
				CODE_SIGN_STYLE = Automatic;
				DEVELOPMENT_TEAM = S23L395VMA;
				INFOPLIST_FILE = AnimeGoodsStockManegementTests/Info.plist;
				LD_RUNPATH_SEARCH_PATHS = (
					"$(inherited)",
					"@executable_path/Frameworks",
					"@loader_path/Frameworks",
				);
				PRODUCT_BUNDLE_IDENTIFIER = com.eventInventoryCOntrol.AnimeGoodsStockManegementTests;
				PRODUCT_NAME = "$(TARGET_NAME)";
				SWIFT_VERSION = 4.2;
				TARGETED_DEVICE_FAMILY = "1,2";
				TEST_HOST = "$(BUILT_PRODUCTS_DIR)/AnimeGoodsStockManegement.app/AnimeGoodsStockManegement";
			};
			name = Release;
		};
		96F06ABF23018E4000C62F09 /* Debug */ = {
			isa = XCBuildConfiguration;
			buildSettings = {
				ALWAYS_EMBED_SWIFT_STANDARD_LIBRARIES = YES;
				CODE_SIGN_STYLE = Automatic;
				DEVELOPMENT_TEAM = S23L395VMA;
				INFOPLIST_FILE = AnimeGoodsStockManegementUITests/Info.plist;
				LD_RUNPATH_SEARCH_PATHS = (
					"$(inherited)",
					"@executable_path/Frameworks",
					"@loader_path/Frameworks",
				);
				PRODUCT_BUNDLE_IDENTIFIER = com.eventInventoryCOntrol.AnimeGoodsStockManegementUITests;
				PRODUCT_NAME = "$(TARGET_NAME)";
				SWIFT_VERSION = 4.2;
				TARGETED_DEVICE_FAMILY = "1,2";
				TEST_TARGET_NAME = AnimeGoodsStockManegement;
			};
			name = Debug;
		};
		96F06AC023018E4000C62F09 /* Release */ = {
			isa = XCBuildConfiguration;
			buildSettings = {
				ALWAYS_EMBED_SWIFT_STANDARD_LIBRARIES = YES;
				CODE_SIGN_STYLE = Automatic;
				DEVELOPMENT_TEAM = S23L395VMA;
				INFOPLIST_FILE = AnimeGoodsStockManegementUITests/Info.plist;
				LD_RUNPATH_SEARCH_PATHS = (
					"$(inherited)",
					"@executable_path/Frameworks",
					"@loader_path/Frameworks",
				);
				PRODUCT_BUNDLE_IDENTIFIER = com.eventInventoryCOntrol.AnimeGoodsStockManegementUITests;
				PRODUCT_NAME = "$(TARGET_NAME)";
				SWIFT_VERSION = 4.2;
				TARGETED_DEVICE_FAMILY = "1,2";
				TEST_TARGET_NAME = AnimeGoodsStockManegement;
			};
			name = Release;
		};
/* End XCBuildConfiguration section */

/* Begin XCConfigurationList section */
		96F06A8B23018E3F00C62F09 /* Build configuration list for PBXProject "AnimeGoodsStockManegement" */ = {
			isa = XCConfigurationList;
			buildConfigurations = (
				96F06AB623018E4000C62F09 /* Debug */,
				96F06AB723018E4000C62F09 /* Release */,
			);
			defaultConfigurationIsVisible = 0;
			defaultConfigurationName = Release;
		};
		96F06AB823018E4000C62F09 /* Build configuration list for PBXNativeTarget "AnimeGoodsStockManegement" */ = {
			isa = XCConfigurationList;
			buildConfigurations = (
				96F06AB923018E4000C62F09 /* Debug */,
				96F06ABA23018E4000C62F09 /* Release */,
			);
			defaultConfigurationIsVisible = 0;
			defaultConfigurationName = Release;
		};
		96F06ABB23018E4000C62F09 /* Build configuration list for PBXNativeTarget "AnimeGoodsStockManegementTests" */ = {
			isa = XCConfigurationList;
			buildConfigurations = (
				96F06ABC23018E4000C62F09 /* Debug */,
				96F06ABD23018E4000C62F09 /* Release */,
			);
			defaultConfigurationIsVisible = 0;
			defaultConfigurationName = Release;
		};
		96F06ABE23018E4000C62F09 /* Build configuration list for PBXNativeTarget "AnimeGoodsStockManegementUITests" */ = {
			isa = XCConfigurationList;
			buildConfigurations = (
				96F06ABF23018E4000C62F09 /* Debug */,
				96F06AC023018E4000C62F09 /* Release */,
			);
			defaultConfigurationIsVisible = 0;
			defaultConfigurationName = Release;
		};
/* End XCConfigurationList section */
	};
	rootObject = 96F06A8823018E3F00C62F09 /* Project object */;
}
